
Microsoft Visual Studio Solution File, Format Version 12.00
# Visual Studio Version 16
VisualStudioVersion = 16.0.31729.503
MinimumVisualStudioVersion = 10.0.40219.1
Project("{8BC9CEB8-8B4A-11D0-8D11-00A0C91BC942}") = "binary to deci", "binary to deci\binary to deci.vcxproj", "{9E4F248E-1B45-4003-9758-2B91D07D4893}"
EndProject
Global
	GlobalSection(SolutionConfigurationPlatforms) = preSolution
		Debug|x64 = Debug|x64
		Debug|x86 = Debug|x86
		Release|x64 = Release|x64
		Release|x86 = Release|x86
	EndGlobalSection
	GlobalSection(ProjectConfigurationPlatforms) = postSolution
		{9E4F248E-1B45-4003-9758-2B91D07D4893}.Debug|x64.ActiveCfg = Debug|x64
		{9E4F248E-1B45-4003-9758-2B91D07D4893}.Debug|x64.Build.0 = Debug|x64
		{9E4F248E-1B45-4003-9758-2B91D07D4893}.Debug|x86.ActiveCfg = Debug|Win32
		{9E4F248E-1B45-4003-9758-2B91D07D4893}.Debug|x86.Build.0 = Debug|Win32
		{9E4F248E-1B45-4003-9758-2B91D07D4893}.Release|x64.ActiveCfg = Release|x64
		{9E4F248E-1B45-4003-9758-2B91D07D4893}.Release|x64.Build.0 = Release|x64
		{9E4F248E-1B45-4003-9758-2B91D07D4893}.Release|x86.ActiveCfg = Release|Win32
		{9E4F248E-1B45-4003-9758-2B91D07D4893}.Release|x86.Build.0 = Release|Win32
	EndGlobalSection
	GlobalSection(SolutionProperties) = preSolution
		HideSolutionNode = FALSE
	EndGlobalSection
	GlobalSection(ExtensibilityGlobals) = postSolution
		SolutionGuid = {940BF187-350A-420F-80C0-3BE206D498A4}
	EndGlobalSection
EndGlobal
