
Microsoft Visual Studio Solution File, Format Version 12.00
# Visual Studio Version 16
VisualStudioVersion = 16.0.31729.503
MinimumVisualStudioVersion = 10.0.40219.1
Project("{8BC9CEB8-8B4A-11D0-8D11-00A0C91BC942}") = "sum of number", "sum of number\sum of number.vcxproj", "{5DE6CB51-43F9-4625-8B8F-93FA538D754B}"
EndProject
Global
	GlobalSection(SolutionConfigurationPlatforms) = preSolution
		Debug|x64 = Debug|x64
		Debug|x86 = Debug|x86
		Release|x64 = Release|x64
		Release|x86 = Release|x86
	EndGlobalSection
	GlobalSection(ProjectConfigurationPlatforms) = postSolution
		{5DE6CB51-43F9-4625-8B8F-93FA538D754B}.Debug|x64.ActiveCfg = Debug|x64
		{5DE6CB51-43F9-4625-8B8F-93FA538D754B}.Debug|x64.Build.0 = Debug|x64
		{5DE6CB51-43F9-4625-8B8F-93FA538D754B}.Debug|x86.ActiveCfg = Debug|Win32
		{5DE6CB51-43F9-4625-8B8F-93FA538D754B}.Debug|x86.Build.0 = Debug|Win32
		{5DE6CB51-43F9-4625-8B8F-93FA538D754B}.Release|x64.ActiveCfg = Release|x64
		{5DE6CB51-43F9-4625-8B8F-93FA538D754B}.Release|x64.Build.0 = Release|x64
		{5DE6CB51-43F9-4625-8B8F-93FA538D754B}.Release|x86.ActiveCfg = Release|Win32
		{5DE6CB51-43F9-4625-8B8F-93FA538D754B}.Release|x86.Build.0 = Release|Win32
	EndGlobalSection
	GlobalSection(SolutionProperties) = preSolution
		HideSolutionNode = FALSE
	EndGlobalSection
	GlobalSection(ExtensibilityGlobals) = postSolution
		SolutionGuid = {2A064AAE-3A9A-4DA2-8F4C-CBD725781C6C}
	EndGlobalSection
EndGlobal
